
Microsoft Visual Studio Solution File, Format Version 12.00
# Visual Studio Version 16
VisualStudioVersion = 16.0.30330.147
MinimumVisualStudioVersion = 10.0.40219.1
Project("{FAE04EC0-301F-11D3-BF4B-00C04F79EFBC}") = "RMDataManager", "RMDataManager\RMDataManager.csproj", "{D93F863A-610E-41CC-B87F-4CF34166CE2E}"
EndProject
Project("{00D1A9C2-B5F0-4AF3-8072-F6C62B433612}") = "RMData", "RMData\RMData.sqlproj", "{E0780F17-7A91-4BF5-856A-126B1599D176}"
EndProject
Project("{FAE04EC0-301F-11D3-BF4B-00C04F79EFBC}") = "RMDekstopUI", "RMDekstopUI\RMDekstopUI.csproj", "{BB21F58F-302B-4FEA-A737-B378348C545E}"
EndProject
Project("{FAE04EC0-301F-11D3-BF4B-00C04F79EFBC}") = "RMDataManager.Library", "RMDataManager.Library\RMDataManager.Library.csproj", "{4FAEB6F4-7A6D-4ED3-92B3-9AFF5F8EF252}"
EndProject
Project("{FAE04EC0-301F-11D3-BF4B-00C04F79EFBC}") = "RMDesktopUI.LIbrary", "RMDesktopUI.LIbrary\RMDesktopUI.LIbrary.csproj", "{E3871933-FB93-4DED-8B90-B9AF4F4944AE}"
EndProject
Project("{2150E333-8FDC-42A3-9474-1A3956D46DE8}") = "Database", "Database", "{8D5596F0-31D7-419F-A55D-F0AE9505860D}"
EndProject
Project("{2150E333-8FDC-42A3-9474-1A3956D46DE8}") = "API", "API", "{034259BE-D0DB-49BA-915B-5C1FE200A928}"
EndProject
Project("{2150E333-8FDC-42A3-9474-1A3956D46DE8}") = "WPF", "WPF", "{4AB3ABA1-6D87-453B-98B3-7B0737A27493}"
EndProject
Global
	GlobalSection(SolutionConfigurationPlatforms) = preSolution
		Debug|Any CPU = Debug|Any CPU
		Release|Any CPU = Release|Any CPU
	EndGlobalSection
	GlobalSection(ProjectConfigurationPlatforms) = postSolution
		{D93F863A-610E-41CC-B87F-4CF34166CE2E}.Debug|Any CPU.ActiveCfg = Debug|Any CPU
		{D93F863A-610E-41CC-B87F-4CF34166CE2E}.Debug|Any CPU.Build.0 = Debug|Any CPU
		{D93F863A-610E-41CC-B87F-4CF34166CE2E}.Release|Any CPU.ActiveCfg = Release|Any CPU
		{D93F863A-610E-41CC-B87F-4CF34166CE2E}.Release|Any CPU.Build.0 = Release|Any CPU
		{E0780F17-7A91-4BF5-856A-126B1599D176}.Debug|Any CPU.ActiveCfg = Debug|Any CPU
		{E0780F17-7A91-4BF5-856A-126B1599D176}.Debug|Any CPU.Build.0 = Debug|Any CPU
		{E0780F17-7A91-4BF5-856A-126B1599D176}.Debug|Any CPU.Deploy.0 = Debug|Any CPU
		{E0780F17-7A91-4BF5-856A-126B1599D176}.Release|Any CPU.ActiveCfg = Release|Any CPU
		{E0780F17-7A91-4BF5-856A-126B1599D176}.Release|Any CPU.Build.0 = Release|Any CPU
		{E0780F17-7A91-4BF5-856A-126B1599D176}.Release|Any CPU.Deploy.0 = Release|Any CPU
		{BB21F58F-302B-4FEA-A737-B378348C545E}.Debug|Any CPU.ActiveCfg = Debug|Any CPU
		{BB21F58F-302B-4FEA-A737-B378348C545E}.Debug|Any CPU.Build.0 = Debug|Any CPU
		{BB21F58F-302B-4FEA-A737-B378348C545E}.Release|Any CPU.ActiveCfg = Release|Any CPU
		{BB21F58F-302B-4FEA-A737-B378348C545E}.Release|Any CPU.Build.0 = Release|Any CPU
		{4FAEB6F4-7A6D-4ED3-92B3-9AFF5F8EF252}.Debug|Any CPU.ActiveCfg = Debug|Any CPU
		{4FAEB6F4-7A6D-4ED3-92B3-9AFF5F8EF252}.Debug|Any CPU.Build.0 = Debug|Any CPU
		{4FAEB6F4-7A6D-4ED3-92B3-9AFF5F8EF252}.Release|Any CPU.ActiveCfg = Release|Any CPU
		{4FAEB6F4-7A6D-4ED3-92B3-9AFF5F8EF252}.Release|Any CPU.Build.0 = Release|Any CPU
		{E3871933-FB93-4DED-8B90-B9AF4F4944AE}.Debug|Any CPU.ActiveCfg = Debug|Any CPU
		{E3871933-FB93-4DED-8B90-B9AF4F4944AE}.Debug|Any CPU.Build.0 = Debug|Any CPU
		{E3871933-FB93-4DED-8B90-B9AF4F4944AE}.Release|Any CPU.ActiveCfg = Release|Any CPU
		{E3871933-FB93-4DED-8B90-B9AF4F4944AE}.Release|Any CPU.Build.0 = Release|Any CPU
	EndGlobalSection
	GlobalSection(SolutionProperties) = preSolution
		HideSolutionNode = FALSE
	EndGlobalSection
	GlobalSection(NestedProjects) = preSolution
		{D93F863A-610E-41CC-B87F-4CF34166CE2E} = {034259BE-D0DB-49BA-915B-5C1FE200A928}
		{E0780F17-7A91-4BF5-856A-126B1599D176} = {8D5596F0-31D7-419F-A55D-F0AE9505860D}
		{BB21F58F-302B-4FEA-A737-B378348C545E} = {4AB3ABA1-6D87-453B-98B3-7B0737A27493}
		{4FAEB6F4-7A6D-4ED3-92B3-9AFF5F8EF252} = {034259BE-D0DB-49BA-915B-5C1FE200A928}
		{E3871933-FB93-4DED-8B90-B9AF4F4944AE} = {4AB3ABA1-6D87-453B-98B3-7B0737A27493}
	EndGlobalSection
	GlobalSection(ExtensibilityGlobals) = postSolution
		SolutionGuid = {406B1C18-ADB4-4DDE-A37C-365706FF6E3E}
	EndGlobalSection
EndGlobal
